
Microsoft Visual Studio Solution File, Format Version 12.00
# Visual Studio Version 17
VisualStudioVersion = 17.10.35027.167
MinimumVisualStudioVersion = 10.0.40219.1
Project("{FAE04EC0-301F-11D3-BF4B-00C04F79EFBC}") = "Nhom11-WebsiteBanQuanAoThoiTrang", "Nhom11-WebsiteBanQuanAoThoiTrang\Nhom11-WebsiteBanQuanAoThoiTrang.csproj", "{1ABA7408-B293-4546-98B0-9963D6C53790}"
EndProject
Global
	GlobalSection(SolutionConfigurationPlatforms) = preSolution
		Debug|Any CPU = Debug|Any CPU
		Release|Any CPU = Release|Any CPU
	EndGlobalSection
	GlobalSection(ProjectConfigurationPlatforms) = postSolution
		{1ABA7408-B293-4546-98B0-9963D6C53790}.Debug|Any CPU.ActiveCfg = Debug|Any CPU
		{1ABA7408-B293-4546-98B0-9963D6C53790}.Debug|Any CPU.Build.0 = Debug|Any CPU
		{1ABA7408-B293-4546-98B0-9963D6C53790}.Release|Any CPU.ActiveCfg = Release|Any CPU
		{1ABA7408-B293-4546-98B0-9963D6C53790}.Release|Any CPU.Build.0 = Release|Any CPU
	EndGlobalSection
	GlobalSection(SolutionProperties) = preSolution
		HideSolutionNode = FALSE
	EndGlobalSection
	GlobalSection(ExtensibilityGlobals) = postSolution
		SolutionGuid = {781C229B-705D-46A5-8428-E016F2A7BFEB}
	EndGlobalSection
EndGlobal
